// !$*UTF8*$!
{
	archiveVersion = 1;
	classes = {
	};
	objectVersion = 46;
	objects = {

/* Begin PBXBuildFile section */
		E21C5B5E1CAEF95400EE26FB /* BidirectionalMapOSX.h in Headers */ = {isa = PBXBuildFile; fileRef = E21C5B5D1CAEF95400EE26FB /* BidirectionalMapOSX.h */; settings = {ATTRIBUTES = (Public, ); }; };
		E21C5B651CAEF95400EE26FB /* BidirectionalMapOSX.framework in Frameworks */ = {isa = PBXBuildFile; fileRef = E21C5B5A1CAEF95400EE26FB /* BidirectionalMapOSX.framework */; };
		E21C5B751CAEF9E300EE26FB /* BidirectionalMap.swift in Sources */ = {isa = PBXBuildFile; fileRef = E21C5B741CAEF9E300EE26FB /* BidirectionalMap.swift */; };
		E21C5B791CAEFA2D00EE26FB /* BidirectionalMapTests.swift in Sources */ = {isa = PBXBuildFile; fileRef = E21C5B781CAEFA2D00EE26FB /* BidirectionalMapTests.swift */; };
/* End PBXBuildFile section */

/* Begin PBXContainerItemProxy section */
		E21C5B661CAEF95400EE26FB /* PBXContainerItemProxy */ = {
			isa = PBXContainerItemProxy;
			containerPortal = E21C5B511CAEF95400EE26FB /* Project object */;
			proxyType = 1;
			remoteGlobalIDString = E21C5B591CAEF95400EE26FB;
			remoteInfo = BidirectionalMapOSX;
		};
/* End PBXContainerItemProxy section */

/* Begin PBXFileReference section */
		E21C5B5A1CAEF95400EE26FB /* BidirectionalMapOSX.framework */ = {isa = PBXFileReference; explicitFileType = wrapper.framework; includeInIndex = 0; path = BidirectionalMapOSX.framework; sourceTree = BUILT_PRODUCTS_DIR; };
		E21C5B5D1CAEF95400EE26FB /* BidirectionalMapOSX.h */ = {isa = PBXFileReference; lastKnownFileType = sourcecode.c.h; path = BidirectionalMapOSX.h; sourceTree = "<group>"; };
		E21C5B5F1CAEF95400EE26FB /* Info.plist */ = {isa = PBXFileReference; lastKnownFileType = text.plist.xml; path = Info.plist; sourceTree = "<group>"; };
		E21C5B641CAEF95400EE26FB /* BidirectionalMapOSXTests.xctest */ = {isa = PBXFileReference; explicitFileType = wrapper.cfbundle; includeInIndex = 0; path = BidirectionalMapOSXTests.xctest; sourceTree = BUILT_PRODUCTS_DIR; };
		E21C5B6B1CAEF95400EE26FB /* Info.plist */ = {isa = PBXFileReference; lastKnownFileType = text.plist.xml; path = Info.plist; sourceTree = "<group>"; };
		E21C5B741CAEF9E300EE26FB /* BidirectionalMap.swift */ = {isa = PBXFileReference; fileEncoding = 4; lastKnownFileType = sourcecode.swift; name = BidirectionalMap.swift; path = BidirectionalMap/BidirectionalMap.swift; sourceTree = SOURCE_ROOT; };
		E21C5B781CAEFA2D00EE26FB /* BidirectionalMapTests.swift */ = {isa = PBXFileReference; fileEncoding = 4; lastKnownFileType = sourcecode.swift; name = BidirectionalMapTests.swift; path = BidirectionalMapTests/BidirectionalMapTests.swift; sourceTree = SOURCE_ROOT; };
/* End PBXFileReference section */

/* Begin PBXFrameworksBuildPhase section */
		E21C5B561CAEF95400EE26FB /* Frameworks */ = {
			isa = PBXFrameworksBuildPhase;
			buildActionMask = 2147483647;
			files = (
			);
			runOnlyForDeploymentPostprocessing = 0;
		};
		E21C5B611CAEF95400EE26FB /* Frameworks */ = {
			isa = PBXFrameworksBuildPhase;
			buildActionMask = 2147483647;
			files = (
				E21C5B651CAEF95400EE26FB /* BidirectionalMapOSX.framework in Frameworks */,
			);
			runOnlyForDeploymentPostprocessing = 0;
		};
/* End PBXFrameworksBuildPhase section */

/* Begin PBXGroup section */
		E21C5B501CAEF95400EE26FB = {
			isa = PBXGroup;
			children = (
				E21C5B5C1CAEF95400EE26FB /* BidirectionalMapOSX */,
				E21C5B681CAEF95400EE26FB /* BidirectionalMapOSXTests */,
				E21C5B5B1CAEF95400EE26FB /* Products */,
			);
			sourceTree = "<group>";
		};
		E21C5B5B1CAEF95400EE26FB /* Products */ = {
			isa = PBXGroup;
			children = (
				E21C5B5A1CAEF95400EE26FB /* BidirectionalMapOSX.framework */,
				E21C5B641CAEF95400EE26FB /* BidirectionalMapOSXTests.xctest */,
			);
			name = Products;
			sourceTree = "<group>";
		};
		E21C5B5C1CAEF95400EE26FB /* BidirectionalMapOSX */ = {
			isa = PBXGroup;
			children = (
				E21C5B5D1CAEF95400EE26FB /* BidirectionalMapOSX.h */,
				E21C5B741CAEF9E300EE26FB /* BidirectionalMap.swift */,
				E21C5B5F1CAEF95400EE26FB /* Info.plist */,
			);
			path = BidirectionalMapOSX;
			sourceTree = "<group>";
		};
		E21C5B681CAEF95400EE26FB /* BidirectionalMapOSXTests */ = {
			isa = PBXGroup;
			children = (
				E21C5B781CAEFA2D00EE26FB /* BidirectionalMapTests.swift */,
				E21C5B6B1CAEF95400EE26FB /* Info.plist */,
			);
			path = BidirectionalMapOSXTests;
			sourceTree = "<group>";
		};
/* End PBXGroup section */

/* Begin PBXHeadersBuildPhase section */
		E21C5B571CAEF95400EE26FB /* Headers */ = {
			isa = PBXHeadersBuildPhase;
			buildActionMask = 2147483647;
			files = (
				E21C5B5E1CAEF95400EE26FB /* BidirectionalMapOSX.h in Headers */,
			);
			runOnlyForDeploymentPostprocessing = 0;
		};
/* End PBXHeadersBuildPhase section */

/* Begin PBXNativeTarget section */
		E21C5B591CAEF95400EE26FB /* BidirectionalMapOSX */ = {
			isa = PBXNativeTarget;
			buildConfigurationList = E21C5B6E1CAEF95400EE26FB /* Build configuration list for PBXNativeTarget "BidirectionalMapOSX" */;
			buildPhases = (
				E21C5B551CAEF95400EE26FB /* Sources */,
				E21C5B561CAEF95400EE26FB /* Frameworks */,
				E21C5B571CAEF95400EE26FB /* Headers */,
				E21C5B581CAEF95400EE26FB /* Resources */,
			);
			buildRules = (
			);
			dependencies = (
			);
			name = BidirectionalMapOSX;
			productName = BidirectionalMapOSX;
			productReference = E21C5B5A1CAEF95400EE26FB /* BidirectionalMapOSX.framework */;
			productType = "com.apple.product-type.framework";
		};
		E21C5B631CAEF95400EE26FB /* BidirectionalMapOSXTests */ = {
			isa = PBXNativeTarget;
			buildConfigurationList = E21C5B711CAEF95400EE26FB /* Build configuration list for PBXNativeTarget "BidirectionalMapOSXTests" */;
			buildPhases = (
				E21C5B601CAEF95400EE26FB /* Sources */,
				E21C5B611CAEF95400EE26FB /* Frameworks */,
				E21C5B621CAEF95400EE26FB /* Resources */,
			);
			buildRules = (
			);
			dependencies = (
				E21C5B671CAEF95400EE26FB /* PBXTargetDependency */,
			);
			name = BidirectionalMapOSXTests;
			productName = BidirectionalMapOSXTests;
			productReference = E21C5B641CAEF95400EE26FB /* BidirectionalMapOSXTests.xctest */;
			productType = "com.apple.product-type.bundle.unit-test";
		};
/* End PBXNativeTarget section */

/* Begin PBXProject section */
		E21C5B511CAEF95400EE26FB /* Project object */ = {
			isa = PBXProject;
			attributes = {
				LastSwiftUpdateCheck = 0730;
				LastUpgradeCheck = 0730;
				ORGANIZATIONNAME = Zefferus;
				TargetAttributes = {
					E21C5B591CAEF95400EE26FB = {
						CreatedOnToolsVersion = 7.3;
					};
					E21C5B631CAEF95400EE26FB = {
						CreatedOnToolsVersion = 7.3;
					};
				};
			};
			buildConfigurationList = E21C5B541CAEF95400EE26FB /* Build configuration list for PBXProject "BidirectionalMapOSX" */;
			compatibilityVersion = "Xcode 3.2";
			developmentRegion = English;
			hasScannedForEncodings = 0;
			knownRegions = (
				en,
			);
			mainGroup = E21C5B501CAEF95400EE26FB;
			productRefGroup = E21C5B5B1CAEF95400EE26FB /* Products */;
			projectDirPath = "";
			projectRoot = "";
			targets = (
				E21C5B591CAEF95400EE26FB /* BidirectionalMapOSX */,
				E21C5B631CAEF95400EE26FB /* BidirectionalMapOSXTests */,
			);
		};
/* End PBXProject section */

/* Begin PBXResourcesBuildPhase section */
		E21C5B581CAEF95400EE26FB /* Resources */ = {
			isa = PBXResourcesBuildPhase;
			buildActionMask = 2147483647;
			files = (
			);
			runOnlyForDeploymentPostprocessing = 0;
		};
		E21C5B621CAEF95400EE26FB /* Resources */ = {
			isa = PBXResourcesBuildPhase;
			buildActionMask = 2147483647;
			files = (
			);
			runOnlyForDeploymentPostprocessing = 0;
		};
/* End PBXResourcesBuildPhase section */

/* Begin PBXSourcesBuildPhase section */
		E21C5B551CAEF95400EE26FB /* Sources */ = {
			isa = PBXSourcesBuildPhase;
			buildActionMask = 2147483647;
			files = (
				E21C5B751CAEF9E300EE26FB /* BidirectionalMap.swift in Sources */,
			);
			runOnlyForDeploymentPostprocessing = 0;
		};
		E21C5B601CAEF95400EE26FB /* Sources */ = {
			isa = PBXSourcesBuildPhase;
			buildActionMask = 2147483647;
			files = (
				E21C5B791CAEFA2D00EE26FB /* BidirectionalMapTests.swift in Sources */,
			);
			runOnlyForDeploymentPostprocessing = 0;
		};
/* End PBXSourcesBuildPhase section */

/* Begin PBXTargetDependency section */
		E21C5B671CAEF95400EE26FB /* PBXTargetDependency */ = {
			isa = PBXTargetDependency;
			target = E21C5B591CAEF95400EE26FB /* BidirectionalMapOSX */;
			targetProxy = E21C5B661CAEF95400EE26FB /* PBXContainerItemProxy */;
		};
/* End PBXTargetDependency section */

/* Begin XCBuildConfiguration section */
		E21C5B6C1CAEF95400EE26FB /* Debug */ = {
			isa = XCBuildConfiguration;
			buildSettings = {
				ALWAYS_SEARCH_USER_PATHS = NO;
				CLANG_ANALYZER_NONNULL = YES;
				CLANG_CXX_LANGUAGE_STANDARD = "gnu++0x";
				CLANG_CXX_LIBRARY = "libc++";
				CLANG_ENABLE_MODULES = YES;
				CLANG_ENABLE_OBJC_ARC = YES;
				CLANG_WARN_BOOL_CONVERSION = YES;
				CLANG_WARN_CONSTANT_CONVERSION = YES;
				CLANG_WARN_DIRECT_OBJC_ISA_USAGE = YES_ERROR;
				CLANG_WARN_EMPTY_BODY = YES;
				CLANG_WARN_ENUM_CONVERSION = YES;
				CLANG_WARN_INT_CONVERSION = YES;
				CLANG_WARN_OBJC_ROOT_CLASS = YES_ERROR;
				CLANG_WARN_UNREACHABLE_CODE = YES;
				CLANG_WARN__DUPLICATE_METHOD_MATCH = YES;
				CODE_SIGN_IDENTITY = "-";
				COPY_PHASE_STRIP = NO;
				CURRENT_PROJECT_VERSION = 1;
				DEBUG_INFORMATION_FORMAT = dwarf;
				ENABLE_STRICT_OBJC_MSGSEND = YES;
				ENABLE_TESTABILITY = YES;
				GCC_C_LANGUAGE_STANDARD = gnu99;
				GCC_DYNAMIC_NO_PIC = NO;
				GCC_NO_COMMON_BLOCKS = YES;
				GCC_OPTIMIZATION_LEVEL = 0;
				GCC_PREPROCESSOR_DEFINITIONS = (
					"DEBUG=1",
					"$(inherited)",
				);
				GCC_WARN_64_TO_32_BIT_CONVERSION = YES;
				GCC_WARN_ABOUT_RETURN_TYPE = YES_ERROR;
				GCC_WARN_UNDECLARED_SELECTOR = YES;
				GCC_WARN_UNINITIALIZED_AUTOS = YES_AGGRESSIVE;
				GCC_WARN_UNUSED_FUNCTION = YES;
				GCC_WARN_UNUSED_VARIABLE = YES;
				MACOSX_DEPLOYMENT_TARGET = 10.11;
				MTL_ENABLE_DEBUG_INFO = YES;
				ONLY_ACTIVE_ARCH = YES;
				SDKROOT = macosx;
				SWIFT_OPTIMIZATION_LEVEL = "-Onone";
				VERSIONING_SYSTEM = "apple-generic";
				VERSION_INFO_PREFIX = "";
			};
			name = Debug;
		};
		E21C5B6D1CAEF95400EE26FB /* Release */ = {
			isa = XCBuildConfiguration;
			buildSettings = {
				ALWAYS_SEARCH_USER_PATHS = NO;
				CLANG_ANALYZER_NONNULL = YES;
				CLANG_CXX_LANGUAGE_STANDARD = "gnu++0x";
				CLANG_CXX_LIBRARY = "libc++";
				CLANG_ENABLE_MODULES = YES;
				CLANG_ENABLE_OBJC_ARC = YES;
				CLANG_WARN_BOOL_CONVERSION = YES;
				CLANG_WARN_CONSTANT_CONVERSION = YES;
				CLANG_WARN_DIRECT_OBJC_ISA_USAGE = YES_ERROR;
				CLANG_WARN_EMPTY_BODY = YES;
				CLANG_WARN_ENUM_CONVERSION = YES;
				CLANG_WARN_INT_CONVERSION = YES;
				CLANG_WARN_OBJC_ROOT_CLASS = YES_ERROR;
				CLANG_WARN_UNREACHABLE_CODE = YES;
				CLANG_WARN__DUPLICATE_METHOD_MATCH = YES;
				CODE_SIGN_IDENTITY = "-";
				COPY_PHASE_STRIP = NO;
				CURRENT_PROJECT_VERSION = 1;
				DEBUG_INFORMATION_FORMAT = "dwarf-with-dsym";
				ENABLE_NS_ASSERTIONS = NO;
				ENABLE_STRICT_OBJC_MSGSEND = YES;
				GCC_C_LANGUAGE_STANDARD = gnu99;
				GCC_NO_COMMON_BLOCKS = YES;
				GCC_WARN_64_TO_32_BIT_CONVERSION = YES;
				GCC_WARN_ABOUT_RETURN_TYPE = YES_ERROR;
				GCC_WARN_UNDECLARED_SELECTOR = YES;
				GCC_WARN_UNINITIALIZED_AUTOS = YES_AGGRESSIVE;
				GCC_WARN_UNUSED_FUNCTION = YES;
				GCC_WARN_UNUSED_VARIABLE = YES;
				MACOSX_DEPLOYMENT_TARGET = 10.11;
				MTL_ENABLE_DEBUG_INFO = NO;
				SDKROOT = macosx;
				VERSIONING_SYSTEM = "apple-generic";
				VERSION_INFO_PREFIX = "";
			};
			name = Release;
		};
		E21C5B6F1CAEF95400EE26FB /* Debug */ = {
			isa = XCBuildConfiguration;
			buildSettings = {
				CLANG_ENABLE_MODULES = YES;
				COMBINE_HIDPI_IMAGES = YES;
				DEFINES_MODULE = YES;
				DYLIB_COMPATIBILITY_VERSION = 1;
				DYLIB_CURRENT_VERSION = 1;
				DYLIB_INSTALL_NAME_BASE = "@rpath";
				FRAMEWORK_VERSION = A;
				INFOPLIST_FILE = BidirectionalMapOSX/Info.plist;
				INSTALL_PATH = "$(LOCAL_LIBRARY_DIR)/Frameworks";
				LD_RUNPATH_SEARCH_PATHS = "$(inherited) @executable_path/../Frameworks @loader_path/Frameworks";
				PRODUCT_BUNDLE_IDENTIFIER = com.zefferus.BidirectionalMapOSX;
				PRODUCT_NAME = "$(TARGET_NAME)";
				SKIP_INSTALL = YES;
				SWIFT_OPTIMIZATION_LEVEL = "-Onone";
			};
			name = Debug;
		};
		E21C5B701CAEF95400EE26FB /* Release */ = {
			isa = XCBuildConfiguration;
			buildSettings = {
				CLANG_ENABLE_MODULES = YES;
				COMBINE_HIDPI_IMAGES = YES;
				DEFINES_MODULE = YES;
				DYLIB_COMPATIBILITY_VERSION = 1;
				DYLIB_CURRENT_VERSION = 1;
				DYLIB_INSTALL_NAME_BASE = "@rpath";
				FRAMEWORK_VERSION = A;
				INFOPLIST_FILE = BidirectionalMapOSX/Info.plist;
				INSTALL_PATH = "$(LOCAL_LIBRARY_DIR)/Frameworks";
				LD_RUNPATH_SEARCH_PATHS = "$(inherited) @executable_path/../Frameworks @loader_path/Frameworks";
				PRODUCT_BUNDLE_IDENTIFIER = com.zefferus.BidirectionalMapOSX;
				PRODUCT_NAME = "$(TARGET_NAME)";
				SKIP_INSTALL = YES;
			};
			name = Release;
		};
		E21C5B721CAEF95400EE26FB /* Debug */ = {
			isa = XCBuildConfiguration;
			buildSettings = {
				CLANG_ENABLE_MODULES = YES;
				COMBINE_HIDPI_IMAGES = YES;
				INFOPLIST_FILE = BidirectionalMapOSXTests/Info.plist;
				LD_RUNPATH_SEARCH_PATHS = "$(inherited) @executable_path/../Frameworks @loader_path/../Frameworks";
				PRODUCT_BUNDLE_IDENTIFIER = com.zefferus.BidirectionalMapOSXTests;
				PRODUCT_NAME = "$(TARGET_NAME)";
				SWIFT_OPTIMIZATION_LEVEL = "-Onone";
			};
			name = Debug;
		};
		E21C5B731CAEF95400EE26FB /* Release */ = {
			isa = XCBuildConfiguration;
			buildSettings = {
				CLANG_ENABLE_MODULES = YES;
				COMBINE_HIDPI_IMAGES = YES;
				INFOPLIST_FILE = BidirectionalMapOSXTests/Info.plist;
				LD_RUNPATH_SEARCH_PATHS = "$(inherited) @executable_path/../Frameworks @loader_path/../Frameworks";
				PRODUCT_BUNDLE_IDENTIFIER = com.zefferus.BidirectionalMapOSXTests;
				PRODUCT_NAME = "$(TARGET_NAME)";
			};
			name = Release;
		};
/* End XCBuildConfiguration section */

/* Begin XCConfigurationList section */
		E21C5B541CAEF95400EE26FB /* Build configuration list for PBXProject "BidirectionalMapOSX" */ = {
			isa = XCConfigurationList;
			buildConfigurations = (
				E21C5B6C1CAEF95400EE26FB /* Debug */,
				E21C5B6D1CAEF95400EE26FB /* Release */,
			);
			defaultConfigurationIsVisible = 0;
			defaultConfigurationName = Release;
		};
		E21C5B6E1CAEF95400EE26FB /* Build configuration list for PBXNativeTarget "BidirectionalMapOSX" */ = {
			isa = XCConfigurationList;
			buildConfigurations = (
				E21C5B6F1CAEF95400EE26FB /* Debug */,
				E21C5B701CAEF95400EE26FB /* Release */,
			);
			defaultConfigurationIsVisible = 0;
			defaultConfigurationName = Release;
		};
		E21C5B711CAEF95400EE26FB /* Build configuration list for PBXNativeTarget "BidirectionalMapOSXTests" */ = {
			isa = XCConfigurationList;
			buildConfigurations = (
				E21C5B721CAEF95400EE26FB /* Debug */,
				E21C5B731CAEF95400EE26FB /* Release */,
			);
			defaultConfigurationIsVisible = 0;
			defaultConfigurationName = Release;
		};
/* End XCConfigurationList section */
	};
	rootObject = E21C5B511CAEF95400EE26FB /* Project object */;
}
